# Tested runtime dependency snapshot; Python 3.12.
annotated-types==0.8.0
anyio==4.15.1
certifi==2026.7.22
click==8.5.0
colorama==0.4.6
contourpy==1.4.0
cycler==0.12.1
fastapi==0.118.0
fonttools==4.66.0
h11==0.16.0
idna==3.20
joblib==1.5.2
kiwisolver==1.5.1
matplotlib==3.10.6
numpy==2.3.3
packaging==26.3
pandas==2.3.3
pillow==12.3.0
prometheus_client==0.23.1
pydantic==2.13.5
pydantic_core==2.46.5
pyparsing==3.3.3
python-dateutil==2.9.0.post0
pytz==2026.4
scikit-learn==1.7.2
scipy==1.16.2
six==1.17.0
starlette==0.48.0
threadpoolctl==3.7.0
typing-inspection==0.4.4
typing_extensions==4.16.0
tzdata==2026.4
uvicorn==0.37.0
cryptography==48.0.1
cffi==2.1.1
pycparser==3.0
